
Microsoft Visual Studio Solution File, Format Version 12.00
# Visual Studio Version 17
VisualStudioVersion = 17.0.31919.166
MinimumVisualStudioVersion = 10.0.40219.1
Project("{FAE04EC0-301F-11D3-BF4B-00C04F79EFBC}") = "CloneBookingAPI", "CloneBookingAPI\CloneBookingAPI.csproj", "{9322ED91-ED6A-49E5-902E-55DAE89DF191}"
EndProject
Global
	GlobalSection(SolutionConfigurationPlatforms) = preSolution
		Debug|Any CPU = Debug|Any CPU
		Release|Any CPU = Release|Any CPU
	EndGlobalSection
	GlobalSection(ProjectConfigurationPlatforms) = postSolution
		{9322ED91-ED6A-49E5-902E-55DAE89DF191}.Debug|Any CPU.ActiveCfg = Debug|Any CPU
		{9322ED91-ED6A-49E5-902E-55DAE89DF191}.Debug|Any CPU.Build.0 = Debug|Any CPU
		{9322ED91-ED6A-49E5-902E-55DAE89DF191}.Release|Any CPU.ActiveCfg = Release|Any CPU
		{9322ED91-ED6A-49E5-902E-55DAE89DF191}.Release|Any CPU.Build.0 = Release|Any CPU
	EndGlobalSection
	GlobalSection(SolutionProperties) = preSolution
		HideSolutionNode = FALSE
	EndGlobalSection
	GlobalSection(ExtensibilityGlobals) = postSolution
		SolutionGuid = {5A4A61BB-D919-4874-B98E-353DB7BECC88}
	EndGlobalSection
EndGlobal
